// !$*UTF8*$!
{
	archiveVersion = 1;
	classes = {
	};
	objectVersion = 55;
	objects = {

/* Begin PBXBuildFile section */
		4037BB1628393E1D00C3BF12 /* ContactsApp.swift in Sources */ = {isa = PBXBuildFile; fileRef = 4037BB1528393E1D00C3BF12 /* ContactsApp.swift */; };
		4037BB1828393E1D00C3BF12 /* ContentView.swift in Sources */ = {isa = PBXBuildFile; fileRef = 4037BB1728393E1D00C3BF12 /* ContentView.swift */; };
		4037BB1A28393E2300C3BF12 /* Assets.xcassets in Resources */ = {isa = PBXBuildFile; fileRef = 4037BB1928393E2300C3BF12 /* Assets.xcassets */; };
		4037BB1D28393E2300C3BF12 /* Preview Assets.xcassets in Resources */ = {isa = PBXBuildFile; fileRef = 4037BB1C28393E2300C3BF12 /* Preview Assets.xcassets */; };
		4037BB2728393E2300C3BF12 /* ContactsTests.swift in Sources */ = {isa = PBXBuildFile; fileRef = 4037BB2628393E2300C3BF12 /* ContactsTests.swift */; };
		4037BB3128393E2300C3BF12 /* ContactsUITests.swift in Sources */ = {isa = PBXBuildFile; fileRef = 4037BB3028393E2300C3BF12 /* ContactsUITests.swift */; };
		4037BB3328393E2300C3BF12 /* ContactsUITestsLaunchTests.swift in Sources */ = {isa = PBXBuildFile; fileRef = 4037BB3228393E2300C3BF12 /* ContactsUITestsLaunchTests.swift */; };
/* End PBXBuildFile section */

/* Begin PBXContainerItemProxy section */
		4037BB2328393E2300C3BF12 /* PBXContainerItemProxy */ = {
			isa = PBXContainerItemProxy;
			containerPortal = 4037BB0A28393E1D00C3BF12 /* Project object */;
			proxyType = 1;
			remoteGlobalIDString = 4037BB1128393E1D00C3BF12;
			remoteInfo = Contacts;
		};
		4037BB2D28393E2300C3BF12 /* PBXContainerItemProxy */ = {
			isa = PBXContainerItemProxy;
			containerPortal = 4037BB0A28393E1D00C3BF12 /* Project object */;
			proxyType = 1;
			remoteGlobalIDString = 4037BB1128393E1D00C3BF12;
			remoteInfo = Contacts;
		};
/* End PBXContainerItemProxy section */

/* Begin PBXFileReference section */
		4037BB1228393E1D00C3BF12 /* Contacts.app */ = {isa = PBXFileReference; explicitFileType = wrapper.application; includeInIndex = 0; path = Contacts.app; sourceTree = BUILT_PRODUCTS_DIR; };
		4037BB1528393E1D00C3BF12 /* ContactsApp.swift */ = {isa = PBXFileReference; lastKnownFileType = sourcecode.swift; path = ContactsApp.swift; sourceTree = "<group>"; };
		4037BB1728393E1D00C3BF12 /* ContentView.swift */ = {isa = PBXFileReference; lastKnownFileType = sourcecode.swift; path = ContentView.swift; sourceTree = "<group>"; };
		4037BB1928393E2300C3BF12 /* Assets.xcassets */ = {isa = PBXFileReference; lastKnownFileType = folder.assetcatalog; path = Assets.xcassets; sourceTree = "<group>"; };
		4037BB1C28393E2300C3BF12 /* Preview Assets.xcassets */ = {isa = PBXFileReference; lastKnownFileType = folder.assetcatalog; path = "Preview Assets.xcassets"; sourceTree = "<group>"; };
		4037BB2228393E2300C3BF12 /* ContactsTests.xctest */ = {isa = PBXFileReference; explicitFileType = wrapper.cfbundle; includeInIndex = 0; path = ContactsTests.xctest; sourceTree = BUILT_PRODUCTS_DIR; };
		4037BB2628393E2300C3BF12 /* ContactsTests.swift */ = {isa = PBXFileReference; lastKnownFileType = sourcecode.swift; path = ContactsTests.swift; sourceTree = "<group>"; };
		4037BB2C28393E2300C3BF12 /* ContactsUITests.xctest */ = {isa = PBXFileReference; explicitFileType = wrapper.cfbundle; includeInIndex = 0; path = ContactsUITests.xctest; sourceTree = BUILT_PRODUCTS_DIR; };
		4037BB3028393E2300C3BF12 /* ContactsUITests.swift */ = {isa = PBXFileReference; lastKnownFileType = sourcecode.swift; path = ContactsUITests.swift; sourceTree = "<group>"; };
		4037BB3228393E2300C3BF12 /* ContactsUITestsLaunchTests.swift */ = {isa = PBXFileReference; lastKnownFileType = sourcecode.swift; path = ContactsUITestsLaunchTests.swift; sourceTree = "<group>"; };
/* End PBXFileReference section */

/* Begin PBXFrameworksBuildPhase section */
		4037BB0F28393E1D00C3BF12 /* Frameworks */ = {
			isa = PBXFrameworksBuildPhase;
			buildActionMask = 2147483647;
			files = (
			);
			runOnlyForDeploymentPostprocessing = 0;
		};
		4037BB1F28393E2300C3BF12 /* Frameworks */ = {
			isa = PBXFrameworksBuildPhase;
			buildActionMask = 2147483647;
			files = (
			);
			runOnlyForDeploymentPostprocessing = 0;
		};
		4037BB2928393E2300C3BF12 /* Frameworks */ = {
			isa = PBXFrameworksBuildPhase;
			buildActionMask = 2147483647;
			files = (
			);
			runOnlyForDeploymentPostprocessing = 0;
		};
/* End PBXFrameworksBuildPhase section */

/* Begin PBXGroup section */
		4037BB0928393E1D00C3BF12 = {
			isa = PBXGroup;
			children = (
				4037BB1428393E1D00C3BF12 /* Contacts */,
				4037BB2528393E2300C3BF12 /* ContactsTests */,
				4037BB2F28393E2300C3BF12 /* ContactsUITests */,
				4037BB1328393E1D00C3BF12 /* Products */,
			);
			sourceTree = "<group>";
		};
		4037BB1328393E1D00C3BF12 /* Products */ = {
			isa = PBXGroup;
			children = (
				4037BB1228393E1D00C3BF12 /* Contacts.app */,
				4037BB2228393E2300C3BF12 /* ContactsTests.xctest */,
				4037BB2C28393E2300C3BF12 /* ContactsUITests.xctest */,
			);
			name = Products;
			sourceTree = "<group>";
		};
		4037BB1428393E1D00C3BF12 /* Contacts */ = {
			isa = PBXGroup;
			children = (
				4037BB1528393E1D00C3BF12 /* ContactsApp.swift */,
				4037BB1728393E1D00C3BF12 /* ContentView.swift */,
				4037BB1928393E2300C3BF12 /* Assets.xcassets */,
				4037BB1B28393E2300C3BF12 /* Preview Content */,
			);
			path = Contacts;
			sourceTree = "<group>";
		};
		4037BB1B28393E2300C3BF12 /* Preview Content */ = {
			isa = PBXGroup;
			children = (
				4037BB1C28393E2300C3BF12 /* Preview Assets.xcassets */,
			);
			path = "Preview Content";
			sourceTree = "<group>";
		};
		4037BB2528393E2300C3BF12 /* ContactsTests */ = {
			isa = PBXGroup;
			children = (
				4037BB2628393E2300C3BF12 /* ContactsTests.swift */,
			);
			path = ContactsTests;
			sourceTree = "<group>";
		};
		4037BB2F28393E2300C3BF12 /* ContactsUITests */ = {
			isa = PBXGroup;
			children = (
				4037BB3028393E2300C3BF12 /* ContactsUITests.swift */,
				4037BB3228393E2300C3BF12 /* ContactsUITestsLaunchTests.swift */,
			);
			path = ContactsUITests;
			sourceTree = "<group>";
		};
/* End PBXGroup section */

/* Begin PBXNativeTarget section */
		4037BB1128393E1D00C3BF12 /* Contacts */ = {
			isa = PBXNativeTarget;
			buildConfigurationList = 4037BB3628393E2300C3BF12 /* Build configuration list for PBXNativeTarget "Contacts" */;
			buildPhases = (
				4037BB0E28393E1D00C3BF12 /* Sources */,
				4037BB0F28393E1D00C3BF12 /* Frameworks */,
				4037BB1028393E1D00C3BF12 /* Resources */,
			);
			buildRules = (
			);
			dependencies = (
			);
			name = Contacts;
			productName = Contacts;
			productReference = 4037BB1228393E1D00C3BF12 /* Contacts.app */;
			productType = "com.apple.product-type.application";
		};
		4037BB2128393E2300C3BF12 /* ContactsTests */ = {
			isa = PBXNativeTarget;
			buildConfigurationList = 4037BB3928393E2300C3BF12 /* Build configuration list for PBXNativeTarget "ContactsTests" */;
			buildPhases = (
				4037BB1E28393E2300C3BF12 /* Sources */,
				4037BB1F28393E2300C3BF12 /* Frameworks */,
				4037BB2028393E2300C3BF12 /* Resources */,
			);
			buildRules = (
			);
			dependencies = (
				4037BB2428393E2300C3BF12 /* PBXTargetDependency */,
			);
			name = ContactsTests;
			productName = ContactsTests;
			productReference = 4037BB2228393E2300C3BF12 /* ContactsTests.xctest */;
			productType = "com.apple.product-type.bundle.unit-test";
		};
		4037BB2B28393E2300C3BF12 /* ContactsUITests */ = {
			isa = PBXNativeTarget;
			buildConfigurationList = 4037BB3C28393E2300C3BF12 /* Build configuration list for PBXNativeTarget "ContactsUITests" */;
			buildPhases = (
				4037BB2828393E2300C3BF12 /* Sources */,
				4037BB2928393E2300C3BF12 /* Frameworks */,
				4037BB2A28393E2300C3BF12 /* Resources */,
			);
			buildRules = (
			);
			dependencies = (
				4037BB2E28393E2300C3BF12 /* PBXTargetDependency */,
			);
			name = ContactsUITests;
			productName = ContactsUITests;
			productReference = 4037BB2C28393E2300C3BF12 /* ContactsUITests.xctest */;
			productType = "com.apple.product-type.bundle.ui-testing";
		};
/* End PBXNativeTarget section */

/* Begin PBXProject section */
		4037BB0A28393E1D00C3BF12 /* Project object */ = {
			isa = PBXProject;
			attributes = {
				BuildIndependentTargetsInParallel = 1;
				LastSwiftUpdateCheck = 1340;
				LastUpgradeCheck = 1340;
				TargetAttributes = {
					4037BB1128393E1D00C3BF12 = {
						CreatedOnToolsVersion = 13.4;
					};
					4037BB2128393E2300C3BF12 = {
						CreatedOnToolsVersion = 13.4;
						TestTargetID = 4037BB1128393E1D00C3BF12;
					};
					4037BB2B28393E2300C3BF12 = {
						CreatedOnToolsVersion = 13.4;
						TestTargetID = 4037BB1128393E1D00C3BF12;
					};
				};
			};
			buildConfigurationList = 4037BB0D28393E1D00C3BF12 /* Build configuration list for PBXProject "Contacts" */;
			compatibilityVersion = "Xcode 13.0";
			developmentRegion = en;
			hasScannedForEncodings = 0;
			knownRegions = (
				en,
				Base,
			);
			mainGroup = 4037BB0928393E1D00C3BF12;
			productRefGroup = 4037BB1328393E1D00C3BF12 /* Products */;
			projectDirPath = "";
			projectRoot = "";
			targets = (
				4037BB1128393E1D00C3BF12 /* Contacts */,
				4037BB2128393E2300C3BF12 /* ContactsTests */,
				4037BB2B28393E2300C3BF12 /* ContactsUITests */,
			);
		};
/* End PBXProject section */

/* Begin PBXResourcesBuildPhase section */
		4037BB1028393E1D00C3BF12 /* Resources */ = {
			isa = PBXResourcesBuildPhase;
			buildActionMask = 2147483647;
			files = (
				4037BB1D28393E2300C3BF12 /* Preview Assets.xcassets in Resources */,
				4037BB1A28393E2300C3BF12 /* Assets.xcassets in Resources */,
			);
			runOnlyForDeploymentPostprocessing = 0;
		};
		4037BB2028393E2300C3BF12 /* Resources */ = {
			isa = PBXResourcesBuildPhase;
			buildActionMask = 2147483647;
			files = (
			);
			runOnlyForDeploymentPostprocessing = 0;
		};
		4037BB2A28393E2300C3BF12 /* Resources */ = {
			isa = PBXResourcesBuildPhase;
			buildActionMask = 2147483647;
			files = (
			);
			runOnlyForDeploymentPostprocessing = 0;
		};
/* End PBXResourcesBuildPhase section */

/* Begin PBXSourcesBuildPhase section */
		4037BB0E28393E1D00C3BF12 /* Sources */ = {
			isa = PBXSourcesBuildPhase;
			buildActionMask = 2147483647;
			files = (
				4037BB1828393E1D00C3BF12 /* ContentView.swift in Sources */,
				4037BB1628393E1D00C3BF12 /* ContactsApp.swift in Sources */,
			);
			runOnlyForDeploymentPostprocessing = 0;
		};
		4037BB1E28393E2300C3BF12 /* Sources */ = {
			isa = PBXSourcesBuildPhase;
			buildActionMask = 2147483647;
			files = (
				4037BB2728393E2300C3BF12 /* ContactsTests.swift in Sources */,
			);
			runOnlyForDeploymentPostprocessing = 0;
		};
		4037BB2828393E2300C3BF12 /* Sources */ = {
			isa = PBXSourcesBuildPhase;
			buildActionMask = 2147483647;
			files = (
				4037BB3328393E2300C3BF12 /* ContactsUITestsLaunchTests.swift in Sources */,
				4037BB3128393E2300C3BF12 /* ContactsUITests.swift in Sources */,
			);
			runOnlyForDeploymentPostprocessing = 0;
		};
/* End PBXSourcesBuildPhase section */

/* Begin PBXTargetDependency section */
		4037BB2428393E2300C3BF12 /* PBXTargetDependency */ = {
			isa = PBXTargetDependency;
			target = 4037BB1128393E1D00C3BF12 /* Contacts */;
			targetProxy = 4037BB2328393E2300C3BF12 /* PBXContainerItemProxy */;
		};
		4037BB2E28393E2300C3BF12 /* PBXTargetDependency */ = {
			isa = PBXTargetDependency;
			target = 4037BB1128393E1D00C3BF12 /* Contacts */;
			targetProxy = 4037BB2D28393E2300C3BF12 /* PBXContainerItemProxy */;
		};
/* End PBXTargetDependency section */

/* Begin XCBuildConfiguration section */
		4037BB3428393E2300C3BF12 /* Debug */ = {
			isa = XCBuildConfiguration;
			buildSettings = {
				ALWAYS_SEARCH_USER_PATHS = NO;
				CLANG_ANALYZER_NONNULL = YES;
				CLANG_ANALYZER_NUMBER_OBJECT_CONVERSION = YES_AGGRESSIVE;
				CLANG_CXX_LANGUAGE_STANDARD = "gnu++17";
				CLANG_ENABLE_MODULES = YES;
				CLANG_ENABLE_OBJC_ARC = YES;
				CLANG_ENABLE_OBJC_WEAK = YES;
				CLANG_WARN_BLOCK_CAPTURE_AUTORELEASING = YES;
				CLANG_WARN_BOOL_CONVERSION = YES;
				CLANG_WARN_COMMA = YES;
				CLANG_WARN_CONSTANT_CONVERSION = YES;
				CLANG_WARN_DEPRECATED_OBJC_IMPLEMENTATIONS = YES;
				CLANG_WARN_DIRECT_OBJC_ISA_USAGE = YES_ERROR;
				CLANG_WARN_DOCUMENTATION_COMMENTS = YES;
				CLANG_WARN_EMPTY_BODY = YES;
				CLANG_WARN_ENUM_CONVERSION = YES;
				CLANG_WARN_INFINITE_RECURSION = YES;
				CLANG_WARN_INT_CONVERSION = YES;
				CLANG_WARN_NON_LITERAL_NULL_CONVERSION = YES;
				CLANG_WARN_OBJC_IMPLICIT_RETAIN_SELF = YES;
				CLANG_WARN_OBJC_LITERAL_CONVERSION = YES;
				CLANG_WARN_OBJC_ROOT_CLASS = YES_ERROR;
				CLANG_WARN_QUOTED_INCLUDE_IN_FRAMEWORK_HEADER = YES;
				CLANG_WARN_RANGE_LOOP_ANALYSIS = YES;
				CLANG_WARN_STRICT_PROTOTYPES = YES;
				CLANG_WARN_SUSPICIOUS_MOVE = YES;
				CLANG_WARN_UNGUARDED_AVAILABILITY = YES_AGGRESSIVE;
				CLANG_WARN_UNREACHABLE_CODE = YES;
				CLANG_WARN__DUPLICATE_METHOD_MATCH = YES;
				COPY_PHASE_STRIP = NO;
				DEBUG_INFORMATION_FORMAT = dwarf;
				ENABLE_STRICT_OBJC_MSGSEND = YES;
				ENABLE_TESTABILITY = YES;
				GCC_C_LANGUAGE_STANDARD = gnu11;
				GCC_DYNAMIC_NO_PIC = NO;
				GCC_NO_COMMON_BLOCKS = YES;
				GCC_OPTIMIZATION_LEVEL = 0;
				GCC_PREPROCESSOR_DEFINITIONS = (
					"DEBUG=1",
					"$(inherited)",
				);
				GCC_WARN_64_TO_32_BIT_CONVERSION = YES;
				GCC_WARN_ABOUT_RETURN_TYPE = YES_ERROR;
				GCC_WARN_UNDECLARED_SELECTOR = YES;
				GCC_WARN_UNINITIALIZED_AUTOS = YES_AGGRESSIVE;
				GCC_WARN_UNUSED_FUNCTION = YES;
				GCC_WARN_UNUSED_VARIABLE = YES;
				IPHONEOS_DEPLOYMENT_TARGET = 15.5;
				MTL_ENABLE_DEBUG_INFO = INCLUDE_SOURCE;
				MTL_FAST_MATH = YES;
				ONLY_ACTIVE_ARCH = YES;
				SDKROOT = iphoneos;
				SWIFT_ACTIVE_COMPILATION_CONDITIONS = DEBUG;
				SWIFT_OPTIMIZATION_LEVEL = "-Onone";
			};
			name = Debug;
		};
		4037BB3528393E2300C3BF12 /* Release */ = {
			isa = XCBuildConfiguration;
			buildSettings = {
				ALWAYS_SEARCH_USER_PATHS = NO;
				CLANG_ANALYZER_NONNULL = YES;
				CLANG_ANALYZER_NUMBER_OBJECT_CONVERSION = YES_AGGRESSIVE;
				CLANG_CXX_LANGUAGE_STANDARD = "gnu++17";
				CLANG_ENABLE_MODULES = YES;
				CLANG_ENABLE_OBJC_ARC = YES;
				CLANG_ENABLE_OBJC_WEAK = YES;
				CLANG_WARN_BLOCK_CAPTURE_AUTORELEASING = YES;
				CLANG_WARN_BOOL_CONVERSION = YES;
				CLANG_WARN_COMMA = YES;
				CLANG_WARN_CONSTANT_CONVERSION = YES;
				CLANG_WARN_DEPRECATED_OBJC_IMPLEMENTATIONS = YES;
				CLANG_WARN_DIRECT_OBJC_ISA_USAGE = YES_ERROR;
				CLANG_WARN_DOCUMENTATION_COMMENTS = YES;
				CLANG_WARN_EMPTY_BODY = YES;
				CLANG_WARN_ENUM_CONVERSION = YES;
				CLANG_WARN_INFINITE_RECURSION = YES;
				CLANG_WARN_INT_CONVERSION = YES;
				CLANG_WARN_NON_LITERAL_NULL_CONVERSION = YES;
				CLANG_WARN_OBJC_IMPLICIT_RETAIN_SELF = YES;
				CLANG_WARN_OBJC_LITERAL_CONVERSION = YES;
				CLANG_WARN_OBJC_ROOT_CLASS = YES_ERROR;
				CLANG_WARN_QUOTED_INCLUDE_IN_FRAMEWORK_HEADER = YES;
				CLANG_WARN_RANGE_LOOP_ANALYSIS = YES;
				CLANG_WARN_STRICT_PROTOTYPES = YES;
				CLANG_WARN_SUSPICIOUS_MOVE = YES;
				CLANG_WARN_UNGUARDED_AVAILABILITY = YES_AGGRESSIVE;
				CLANG_WARN_UNREACHABLE_CODE = YES;
				CLANG_WARN__DUPLICATE_METHOD_MATCH = YES;
				COPY_PHASE_STRIP = NO;
				DEBUG_INFORMATION_FORMAT = "dwarf-with-dsym";
				ENABLE_NS_ASSERTIONS = NO;
				ENABLE_STRICT_OBJC_MSGSEND = YES;
				GCC_C_LANGUAGE_STANDARD = gnu11;
				GCC_NO_COMMON_BLOCKS = YES;
				GCC_WARN_64_TO_32_BIT_CONVERSION = YES;
				GCC_WARN_ABOUT_RETURN_TYPE = YES_ERROR;
				GCC_WARN_UNDECLARED_SELECTOR = YES;
				GCC_WARN_UNINITIALIZED_AUTOS = YES_AGGRESSIVE;
				GCC_WARN_UNUSED_FUNCTION = YES;
				GCC_WARN_UNUSED_VARIABLE = YES;
				IPHONEOS_DEPLOYMENT_TARGET = 15.5;
				MTL_ENABLE_DEBUG_INFO = NO;
				MTL_FAST_MATH = YES;
				SDKROOT = iphoneos;
				SWIFT_COMPILATION_MODE = wholemodule;
				SWIFT_OPTIMIZATION_LEVEL = "-O";
				VALIDATE_PRODUCT = YES;
			};
			name = Release;
		};
		4037BB3728393E2300C3BF12 /* Debug */ = {
			isa = XCBuildConfiguration;
			buildSettings = {
				ASSETCATALOG_COMPILER_APPICON_NAME = AppIcon;
				ASSETCATALOG_COMPILER_GLOBAL_ACCENT_COLOR_NAME = AccentColor;
				CODE_SIGN_STYLE = Automatic;
				CURRENT_PROJECT_VERSION = 1;
				DEVELOPMENT_ASSET_PATHS = "\"Contacts/Preview Content\"";
				DEVELOPMENT_TEAM = 4JGB5ZM49S;
				ENABLE_PREVIEWS = YES;
				GENERATE_INFOPLIST_FILE = YES;
				INFOPLIST_KEY_UIApplicationSceneManifest_Generation = YES;
				INFOPLIST_KEY_UIApplicationSupportsIndirectInputEvents = YES;
				INFOPLIST_KEY_UILaunchScreen_Generation = YES;
				INFOPLIST_KEY_UISupportedInterfaceOrientations_iPad = "UIInterfaceOrientationPortrait UIInterfaceOrientationPortraitUpsideDown UIInterfaceOrientationLandscapeLeft UIInterfaceOrientationLandscapeRight";
				INFOPLIST_KEY_UISupportedInterfaceOrientations_iPhone = "UIInterfaceOrientationPortrait UIInterfaceOrientationLandscapeLeft UIInterfaceOrientationLandscapeRight";
				LD_RUNPATH_SEARCH_PATHS = (
					"$(inherited)",
					"@executable_path/Frameworks",
				);
				MARKETING_VERSION = 1.0;
				PRODUCT_BUNDLE_IDENTIFIER = com.jmunoloz.Contacts;
				PRODUCT_NAME = "$(TARGET_NAME)";
				SWIFT_EMIT_LOC_STRINGS = YES;
				SWIFT_VERSION = 5.0;
				TARGETED_DEVICE_FAMILY = "1,2";
			};
			name = Debug;
		};
		4037BB3828393E2300C3BF12 /* Release */ = {
			isa = XCBuildConfiguration;
			buildSettings = {
				ASSETCATALOG_COMPILER_APPICON_NAME = AppIcon;
				ASSETCATALOG_COMPILER_GLOBAL_ACCENT_COLOR_NAME = AccentColor;
				CODE_SIGN_STYLE = Automatic;
				CURRENT_PROJECT_VERSION = 1;
				DEVELOPMENT_ASSET_PATHS = "\"Contacts/Preview Content\"";
				DEVELOPMENT_TEAM = 4JGB5ZM49S;
				ENABLE_PREVIEWS = YES;
				GENERATE_INFOPLIST_FILE = YES;
				INFOPLIST_KEY_UIApplicationSceneManifest_Generation = YES;
				INFOPLIST_KEY_UIApplicationSupportsIndirectInputEvents = YES;
				INFOPLIST_KEY_UILaunchScreen_Generation = YES;
				INFOPLIST_KEY_UISupportedInterfaceOrientations_iPad = "UIInterfaceOrientationPortrait UIInterfaceOrientationPortraitUpsideDown UIInterfaceOrientationLandscapeLeft UIInterfaceOrientationLandscapeRight";
				INFOPLIST_KEY_UISupportedInterfaceOrientations_iPhone = "UIInterfaceOrientationPortrait UIInterfaceOrientationLandscapeLeft UIInterfaceOrientationLandscapeRight";
				LD_RUNPATH_SEARCH_PATHS = (
					"$(inherited)",
					"@executable_path/Frameworks",
				);
				MARKETING_VERSION = 1.0;
				PRODUCT_BUNDLE_IDENTIFIER = com.jmunoloz.Contacts;
				PRODUCT_NAME = "$(TARGET_NAME)";
				SWIFT_EMIT_LOC_STRINGS = YES;
				SWIFT_VERSION = 5.0;
				TARGETED_DEVICE_FAMILY = "1,2";
			};
			name = Release;
		};
		4037BB3A28393E2300C3BF12 /* Debug */ = {
			isa = XCBuildConfiguration;
			buildSettings = {
				ALWAYS_EMBED_SWIFT_STANDARD_LIBRARIES = YES;
				BUNDLE_LOADER = "$(TEST_HOST)";
				CODE_SIGN_STYLE = Automatic;
				CURRENT_PROJECT_VERSION = 1;
				DEVELOPMENT_TEAM = 4JGB5ZM49S;
				GENERATE_INFOPLIST_FILE = YES;
				IPHONEOS_DEPLOYMENT_TARGET = 15.5;
				MARKETING_VERSION = 1.0;
				PRODUCT_BUNDLE_IDENTIFIER = com.jmunoloz.ContactsTests;
				PRODUCT_NAME = "$(TARGET_NAME)";
				SWIFT_EMIT_LOC_STRINGS = NO;
				SWIFT_VERSION = 5.0;
				TARGETED_DEVICE_FAMILY = "1,2";
				TEST_HOST = "$(BUILT_PRODUCTS_DIR)/Contacts.app/Contacts";
			};
			name = Debug;
		};
		4037BB3B28393E2300C3BF12 /* Release */ = {
			isa = XCBuildConfiguration;
			buildSettings = {
				ALWAYS_EMBED_SWIFT_STANDARD_LIBRARIES = YES;
				BUNDLE_LOADER = "$(TEST_HOST)";
				CODE_SIGN_STYLE = Automatic;
				CURRENT_PROJECT_VERSION = 1;
				DEVELOPMENT_TEAM = 4JGB5ZM49S;
				GENERATE_INFOPLIST_FILE = YES;
				IPHONEOS_DEPLOYMENT_TARGET = 15.5;
				MARKETING_VERSION = 1.0;
				PRODUCT_BUNDLE_IDENTIFIER = com.jmunoloz.ContactsTests;
				PRODUCT_NAME = "$(TARGET_NAME)";
				SWIFT_EMIT_LOC_STRINGS = NO;
				SWIFT_VERSION = 5.0;
				TARGETED_DEVICE_FAMILY = "1,2";
				TEST_HOST = "$(BUILT_PRODUCTS_DIR)/Contacts.app/Contacts";
			};
			name = Release;
		};
		4037BB3D28393E2300C3BF12 /* Debug */ = {
			isa = XCBuildConfiguration;
			buildSettings = {
				ALWAYS_EMBED_SWIFT_STANDARD_LIBRARIES = YES;
				CODE_SIGN_STYLE = Automatic;
				CURRENT_PROJECT_VERSION = 1;
				DEVELOPMENT_TEAM = 4JGB5ZM49S;
				GENERATE_INFOPLIST_FILE = YES;
				MARKETING_VERSION = 1.0;
				PRODUCT_BUNDLE_IDENTIFIER = com.jmunoloz.ContactsUITests;
				PRODUCT_NAME = "$(TARGET_NAME)";
				SWIFT_EMIT_LOC_STRINGS = NO;
				SWIFT_VERSION = 5.0;
				TARGETED_DEVICE_FAMILY = "1,2";
				TEST_TARGET_NAME = Contacts;
			};
			name = Debug;
		};
		4037BB3E28393E2300C3BF12 /* Release */ = {
			isa = XCBuildConfiguration;
			buildSettings = {
				ALWAYS_EMBED_SWIFT_STANDARD_LIBRARIES = YES;
				CODE_SIGN_STYLE = Automatic;
				CURRENT_PROJECT_VERSION = 1;
				DEVELOPMENT_TEAM = 4JGB5ZM49S;
				GENERATE_INFOPLIST_FILE = YES;
				MARKETING_VERSION = 1.0;
				PRODUCT_BUNDLE_IDENTIFIER = com.jmunoloz.ContactsUITests;
				PRODUCT_NAME = "$(TARGET_NAME)";
				SWIFT_EMIT_LOC_STRINGS = NO;
				SWIFT_VERSION = 5.0;
				TARGETED_DEVICE_FAMILY = "1,2";
				TEST_TARGET_NAME = Contacts;
			};
			name = Release;
		};
/* End XCBuildConfiguration section */

/* Begin XCConfigurationList section */
		4037BB0D28393E1D00C3BF12 /* Build configuration list for PBXProject "Contacts" */ = {
			isa = XCConfigurationList;
			buildConfigurations = (
				4037BB3428393E2300C3BF12 /* Debug */,
				4037BB3528393E2300C3BF12 /* Release */,
			);
			defaultConfigurationIsVisible = 0;
			defaultConfigurationName = Release;
		};
		4037BB3628393E2300C3BF12 /* Build configuration list for PBXNativeTarget "Contacts" */ = {
			isa = XCConfigurationList;
			buildConfigurations = (
				4037BB3728393E2300C3BF12 /* Debug */,
				4037BB3828393E2300C3BF12 /* Release */,
			);
			defaultConfigurationIsVisible = 0;
			defaultConfigurationName = Release;
		};
		4037BB3928393E2300C3BF12 /* Build configuration list for PBXNativeTarget "ContactsTests" */ = {
			isa = XCConfigurationList;
			buildConfigurations = (
				4037BB3A28393E2300C3BF12 /* Debug */,
				4037BB3B28393E2300C3BF12 /* Release */,
			);
			defaultConfigurationIsVisible = 0;
			defaultConfigurationName = Release;
		};
		4037BB3C28393E2300C3BF12 /* Build configuration list for PBXNativeTarget "ContactsUITests" */ = {
			isa = XCConfigurationList;
			buildConfigurations = (
				4037BB3D28393E2300C3BF12 /* Debug */,
				4037BB3E28393E2300C3BF12 /* Release */,
			);
			defaultConfigurationIsVisible = 0;
			defaultConfigurationName = Release;
		};
/* End XCConfigurationList section */
	};
	rootObject = 4037BB0A28393E1D00C3BF12 /* Project object */;
}
